
Microsoft Visual Studio Solution File, Format Version 12.00
# Visual Studio Version 17
VisualStudioVersion = 17.5.33424.131
MinimumVisualStudioVersion = 10.0.40219.1
Project("{888888A0-9F3D-457C-B088-3A5042F75D52}") = "DjangoWebProject1", "DjangoWebProject1.pyproj", "{095F2CAE-B252-4347-B3B7-4BD0B22EB77F}"
EndProject
Global
	GlobalSection(SolutionConfigurationPlatforms) = preSolution
		Debug|Any CPU = Debug|Any CPU
		Release|Any CPU = Release|Any CPU
	EndGlobalSection
	GlobalSection(ProjectConfigurationPlatforms) = postSolution
		{095F2CAE-B252-4347-B3B7-4BD0B22EB77F}.Debug|Any CPU.ActiveCfg = Debug|Any CPU
		{095F2CAE-B252-4347-B3B7-4BD0B22EB77F}.Debug|Any CPU.Build.0 = Debug|Any CPU
		{095F2CAE-B252-4347-B3B7-4BD0B22EB77F}.Release|Any CPU.ActiveCfg = Release|Any CPU
		{095F2CAE-B252-4347-B3B7-4BD0B22EB77F}.Release|Any CPU.Build.0 = Release|Any CPU
	EndGlobalSection
	GlobalSection(SolutionProperties) = preSolution
		HideSolutionNode = FALSE
	EndGlobalSection
	GlobalSection(ExtensibilityGlobals) = postSolution
		SolutionGuid = {6F3DA2F5-3DE6-44F5-9B04-7B3DEB9D1B2E}
	EndGlobalSection
EndGlobal
